
Microsoft Visual Studio Solution File, Format Version 12.00
# Visual Studio Version 16
VisualStudioVersion = 16.0.32002.261
MinimumVisualStudioVersion = 10.0.40219.1
Project("{FAE04EC0-301F-11D3-BF4B-00C04F79EFBC}") = "TestEY", "TestEY\TestEY.csproj", "{E82E4A9F-6317-4816-9B0E-7F4368652BF4}"
EndProject
Project("{FAE04EC0-301F-11D3-BF4B-00C04F79EFBC}") = "TestSolution", "TestSolution\TestSolution.csproj", "{3A1F3E64-63AC-4F8E-B182-038A67903DF5}"
EndProject
Global
	GlobalSection(SolutionConfigurationPlatforms) = preSolution
		Debug|Any CPU = Debug|Any CPU
		Release|Any CPU = Release|Any CPU
	EndGlobalSection
	GlobalSection(ProjectConfigurationPlatforms) = postSolution
		{E82E4A9F-6317-4816-9B0E-7F4368652BF4}.Debug|Any CPU.ActiveCfg = Debug|Any CPU
		{E82E4A9F-6317-4816-9B0E-7F4368652BF4}.Debug|Any CPU.Build.0 = Debug|Any CPU
		{E82E4A9F-6317-4816-9B0E-7F4368652BF4}.Release|Any CPU.ActiveCfg = Release|Any CPU
		{E82E4A9F-6317-4816-9B0E-7F4368652BF4}.Release|Any CPU.Build.0 = Release|Any CPU
		{3A1F3E64-63AC-4F8E-B182-038A67903DF5}.Debug|Any CPU.ActiveCfg = Debug|Any CPU
		{3A1F3E64-63AC-4F8E-B182-038A67903DF5}.Debug|Any CPU.Build.0 = Debug|Any CPU
		{3A1F3E64-63AC-4F8E-B182-038A67903DF5}.Release|Any CPU.ActiveCfg = Release|Any CPU
		{3A1F3E64-63AC-4F8E-B182-038A67903DF5}.Release|Any CPU.Build.0 = Release|Any CPU
	EndGlobalSection
	GlobalSection(SolutionProperties) = preSolution
		HideSolutionNode = FALSE
	EndGlobalSection
	GlobalSection(ExtensibilityGlobals) = postSolution
		SolutionGuid = {814B50D5-FDB6-4C84-99E6-44875C9D316B}
	EndGlobalSection
EndGlobal
